
Microsoft Visual Studio Solution File, Format Version 12.00
# Visual Studio Version 16
VisualStudioVersion = 16.0.32106.194
MinimumVisualStudioVersion = 10.0.40219.1
Project("{FAE04EC0-301F-11D3-BF4B-00C04F79EFBC}") = "SehirRehberi.API", "SehirRehberi.APII\SehirRehberi.API.csproj", "{61606121-1538-430A-ADCD-BE654344F7FB}"
EndProject
Global
	GlobalSection(SolutionConfigurationPlatforms) = preSolution
		Debug|Any CPU = Debug|Any CPU
		Release|Any CPU = Release|Any CPU
	EndGlobalSection
	GlobalSection(ProjectConfigurationPlatforms) = postSolution
		{61606121-1538-430A-ADCD-BE654344F7FB}.Debug|Any CPU.ActiveCfg = Debug|Any CPU
		{61606121-1538-430A-ADCD-BE654344F7FB}.Debug|Any CPU.Build.0 = Debug|Any CPU
		{61606121-1538-430A-ADCD-BE654344F7FB}.Release|Any CPU.ActiveCfg = Release|Any CPU
		{61606121-1538-430A-ADCD-BE654344F7FB}.Release|Any CPU.Build.0 = Release|Any CPU
	EndGlobalSection
	GlobalSection(SolutionProperties) = preSolution
		HideSolutionNode = FALSE
	EndGlobalSection
	GlobalSection(ExtensibilityGlobals) = postSolution
		SolutionGuid = {57A35BA3-864F-48B8-859F-84F487D192A2}
	EndGlobalSection
EndGlobal
